// !$*UTF8*$!
{
	archiveVersion = 1;
	classes = {
	};
	objectVersion = 56;
	objects = {

/* Begin PBXBuildFile section */
		3C28B6C82ABED11A0009F667 /* AlbumModel.swift in Sources */ = {isa = PBXBuildFile; fileRef = 3C28B6C72ABED11A0009F667 /* AlbumModel.swift */; };
		3C28B6CA2ABF33D50009F667 /* FetchStatusModel.swift in Sources */ = {isa = PBXBuildFile; fileRef = 3C28B6C92ABF33D50009F667 /* FetchStatusModel.swift */; };
		3C28B6CC2ABFD8EF0009F667 /* SongModel.swift in Sources */ = {isa = PBXBuildFile; fileRef = 3C28B6CB2ABFD8EF0009F667 /* SongModel.swift */; };
		3C28B6CE2ABFE31D0009F667 /* APIErrorModel.swift in Sources */ = {isa = PBXBuildFile; fileRef = 3C28B6CD2ABFE31D0009F667 /* APIErrorModel.swift */; };
		3C28B6D02AC015DF0009F667 /* APIManager.swift in Sources */ = {isa = PBXBuildFile; fileRef = 3C28B6CF2AC015DF0009F667 /* APIManager.swift */; };
		3C79F1422ABD68D7007DE9C5 /* iTunesSearchEngineApp.swift in Sources */ = {isa = PBXBuildFile; fileRef = 3C79F1412ABD68D7007DE9C5 /* iTunesSearchEngineApp.swift */; };
		3C79F1442ABD68D7007DE9C5 /* ContentView.swift in Sources */ = {isa = PBXBuildFile; fileRef = 3C79F1432ABD68D7007DE9C5 /* ContentView.swift */; };
		3C79F1462ABD68D9007DE9C5 /* Assets.xcassets in Resources */ = {isa = PBXBuildFile; fileRef = 3C79F1452ABD68D9007DE9C5 /* Assets.xcassets */; };
		3C79F1492ABD68D9007DE9C5 /* Preview Assets.xcassets in Resources */ = {isa = PBXBuildFile; fileRef = 3C79F1482ABD68D9007DE9C5 /* Preview Assets.xcassets */; };
		3C79F1532ABD68D9007DE9C5 /* iTunesSearchEngineTests.swift in Sources */ = {isa = PBXBuildFile; fileRef = 3C79F1522ABD68D9007DE9C5 /* iTunesSearchEngineTests.swift */; };
		3C79F15D2ABD68D9007DE9C5 /* iTunesSearchEngineUITests.swift in Sources */ = {isa = PBXBuildFile; fileRef = 3C79F15C2ABD68D9007DE9C5 /* iTunesSearchEngineUITests.swift */; };
		3C79F15F2ABD68D9007DE9C5 /* iTunesSearchEngineUITestsLaunchTests.swift in Sources */ = {isa = PBXBuildFile; fileRef = 3C79F15E2ABD68D9007DE9C5 /* iTunesSearchEngineUITestsLaunchTests.swift */; };
		3CB8760B2AC475D6007D2E63 /* SearchHistoryView.swift in Sources */ = {isa = PBXBuildFile; fileRef = 3CB8760A2AC475D6007D2E63 /* SearchHistoryView.swift */; };
		3CB8760D2AC47DD0007D2E63 /* AppString.swift in Sources */ = {isa = PBXBuildFile; fileRef = 3CB8760C2AC47DD0007D2E63 /* AppString.swift */; };
		3CB8760F2AC48B90007D2E63 /* AudioViewModel.swift in Sources */ = {isa = PBXBuildFile; fileRef = 3CB8760E2AC48B90007D2E63 /* AudioViewModel.swift */; };
		58D8CEA22ABD6F900012F9B1 /* ViewModel.swift in Sources */ = {isa = PBXBuildFile; fileRef = 58D8CEA12ABD6F900012F9B1 /* ViewModel.swift */; };
		FD4FAC5C2AC1244A005DCFAF /* SongResultView.swift in Sources */ = {isa = PBXBuildFile; fileRef = FD4FAC5B2AC1244A005DCFAF /* SongResultView.swift */; };
		FD4FAC602AC12730005DCFAF /* ImageView.swift in Sources */ = {isa = PBXBuildFile; fileRef = FD4FAC5F2AC12730005DCFAF /* ImageView.swift */; };
		FD4FAC622AC157B8005DCFAF /* ImageViewModel.swift in Sources */ = {isa = PBXBuildFile; fileRef = FD4FAC612AC157B8005DCFAF /* ImageViewModel.swift */; };
		FD4FAC652AC15B06005DCFAF /* SongPreviewListView.swift in Sources */ = {isa = PBXBuildFile; fileRef = FD4FAC642AC15B06005DCFAF /* SongPreviewListView.swift */; };
		FD4FAC672AC15C6F005DCFAF /* SongFullListView.swift in Sources */ = {isa = PBXBuildFile; fileRef = FD4FAC662AC15C6F005DCFAF /* SongFullListView.swift */; };
		FD4FAC692AC1692F005DCFAF /* AlbumResultView.swift in Sources */ = {isa = PBXBuildFile; fileRef = FD4FAC682AC1692F005DCFAF /* AlbumResultView.swift */; };
		FD4FAC6D2AC16E9D005DCFAF /* AlbumPreviewListView.swift in Sources */ = {isa = PBXBuildFile; fileRef = FD4FAC6C2AC16E9D005DCFAF /* AlbumPreviewListView.swift */; };
		FD4FAC712AC174B9005DCFAF /* AlbumFullListView.swift in Sources */ = {isa = PBXBuildFile; fileRef = FD4FAC702AC174B9005DCFAF /* AlbumFullListView.swift */; };
		FD67A0F32AC2D8A40000D7DA /* AllResultView.swift in Sources */ = {isa = PBXBuildFile; fileRef = FD67A0F22AC2D8A40000D7DA /* AllResultView.swift */; };
		FDA691972AC4169D000E7482 /* BookMarkView.swift in Sources */ = {isa = PBXBuildFile; fileRef = FDA691962AC4169D000E7482 /* BookMarkView.swift */; };
		FDD07E3E2AC3C319004A8691 /* ArtistModel.swift in Sources */ = {isa = PBXBuildFile; fileRef = FDD07E3D2AC3C319004A8691 /* ArtistModel.swift */; };
		FDD07E402AC405A8004A8691 /* CountryModel.swift in Sources */ = {isa = PBXBuildFile; fileRef = FDD07E3F2AC405A8004A8691 /* CountryModel.swift */; };
/* End PBXBuildFile section */

/* Begin PBXContainerItemProxy section */
		3C79F14F2ABD68D9007DE9C5 /* PBXContainerItemProxy */ = {
			isa = PBXContainerItemProxy;
			containerPortal = 3C79F1362ABD68D7007DE9C5 /* Project object */;
			proxyType = 1;
			remoteGlobalIDString = 3C79F13D2ABD68D7007DE9C5;
			remoteInfo = iTunesSearchEngine;
		};
		3C79F1592ABD68D9007DE9C5 /* PBXContainerItemProxy */ = {
			isa = PBXContainerItemProxy;
			containerPortal = 3C79F1362ABD68D7007DE9C5 /* Project object */;
			proxyType = 1;
			remoteGlobalIDString = 3C79F13D2ABD68D7007DE9C5;
			remoteInfo = iTunesSearchEngine;
		};
/* End PBXContainerItemProxy section */

/* Begin PBXFileReference section */
		3C28B6C72ABED11A0009F667 /* AlbumModel.swift */ = {isa = PBXFileReference; lastKnownFileType = sourcecode.swift; path = AlbumModel.swift; sourceTree = "<group>"; };
		3C28B6C92ABF33D50009F667 /* FetchStatusModel.swift */ = {isa = PBXFileReference; lastKnownFileType = sourcecode.swift; path = FetchStatusModel.swift; sourceTree = "<group>"; };
		3C28B6CB2ABFD8EF0009F667 /* SongModel.swift */ = {isa = PBXFileReference; lastKnownFileType = sourcecode.swift; path = SongModel.swift; sourceTree = "<group>"; };
		3C28B6CD2ABFE31D0009F667 /* APIErrorModel.swift */ = {isa = PBXFileReference; lastKnownFileType = sourcecode.swift; path = APIErrorModel.swift; sourceTree = "<group>"; };
		3C28B6CF2AC015DF0009F667 /* APIManager.swift */ = {isa = PBXFileReference; lastKnownFileType = sourcecode.swift; path = APIManager.swift; sourceTree = "<group>"; };
		3C79F13E2ABD68D7007DE9C5 /* iTunesSearchEngine.app */ = {isa = PBXFileReference; explicitFileType = wrapper.application; includeInIndex = 0; path = iTunesSearchEngine.app; sourceTree = BUILT_PRODUCTS_DIR; };
		3C79F1412ABD68D7007DE9C5 /* iTunesSearchEngineApp.swift */ = {isa = PBXFileReference; lastKnownFileType = sourcecode.swift; path = iTunesSearchEngineApp.swift; sourceTree = "<group>"; };
		3C79F1432ABD68D7007DE9C5 /* ContentView.swift */ = {isa = PBXFileReference; lastKnownFileType = sourcecode.swift; path = ContentView.swift; sourceTree = "<group>"; };
		3C79F1452ABD68D9007DE9C5 /* Assets.xcassets */ = {isa = PBXFileReference; lastKnownFileType = folder.assetcatalog; path = Assets.xcassets; sourceTree = "<group>"; };
		3C79F1482ABD68D9007DE9C5 /* Preview Assets.xcassets */ = {isa = PBXFileReference; lastKnownFileType = folder.assetcatalog; path = "Preview Assets.xcassets"; sourceTree = "<group>"; };
		3C79F14E2ABD68D9007DE9C5 /* iTunesSearchEngineTests.xctest */ = {isa = PBXFileReference; explicitFileType = wrapper.cfbundle; includeInIndex = 0; path = iTunesSearchEngineTests.xctest; sourceTree = BUILT_PRODUCTS_DIR; };
		3C79F1522ABD68D9007DE9C5 /* iTunesSearchEngineTests.swift */ = {isa = PBXFileReference; lastKnownFileType = sourcecode.swift; path = iTunesSearchEngineTests.swift; sourceTree = "<group>"; };
		3C79F1582ABD68D9007DE9C5 /* iTunesSearchEngineUITests.xctest */ = {isa = PBXFileReference; explicitFileType = wrapper.cfbundle; includeInIndex = 0; path = iTunesSearchEngineUITests.xctest; sourceTree = BUILT_PRODUCTS_DIR; };
		3C79F15C2ABD68D9007DE9C5 /* iTunesSearchEngineUITests.swift */ = {isa = PBXFileReference; lastKnownFileType = sourcecode.swift; path = iTunesSearchEngineUITests.swift; sourceTree = "<group>"; };
		3C79F15E2ABD68D9007DE9C5 /* iTunesSearchEngineUITestsLaunchTests.swift */ = {isa = PBXFileReference; lastKnownFileType = sourcecode.swift; path = iTunesSearchEngineUITestsLaunchTests.swift; sourceTree = "<group>"; };
		3CB8760A2AC475D6007D2E63 /* SearchHistoryView.swift */ = {isa = PBXFileReference; lastKnownFileType = sourcecode.swift; path = SearchHistoryView.swift; sourceTree = "<group>"; };
		3CB8760C2AC47DD0007D2E63 /* AppString.swift */ = {isa = PBXFileReference; lastKnownFileType = sourcecode.swift; path = AppString.swift; sourceTree = "<group>"; };
		3CB8760E2AC48B90007D2E63 /* AudioViewModel.swift */ = {isa = PBXFileReference; lastKnownFileType = sourcecode.swift; path = AudioViewModel.swift; sourceTree = "<group>"; };
		58D8CEA12ABD6F900012F9B1 /* ViewModel.swift */ = {isa = PBXFileReference; lastKnownFileType = sourcecode.swift; path = ViewModel.swift; sourceTree = "<group>"; };
		FD4FAC5B2AC1244A005DCFAF /* SongResultView.swift */ = {isa = PBXFileReference; lastKnownFileType = sourcecode.swift; path = SongResultView.swift; sourceTree = "<group>"; };
		FD4FAC5F2AC12730005DCFAF /* ImageView.swift */ = {isa = PBXFileReference; lastKnownFileType = sourcecode.swift; path = ImageView.swift; sourceTree = "<group>"; };
		FD4FAC612AC157B8005DCFAF /* ImageViewModel.swift */ = {isa = PBXFileReference; lastKnownFileType = sourcecode.swift; path = ImageViewModel.swift; sourceTree = "<group>"; };
		FD4FAC642AC15B06005DCFAF /* SongPreviewListView.swift */ = {isa = PBXFileReference; lastKnownFileType = sourcecode.swift; path = SongPreviewListView.swift; sourceTree = "<group>"; };
		FD4FAC662AC15C6F005DCFAF /* SongFullListView.swift */ = {isa = PBXFileReference; lastKnownFileType = sourcecode.swift; path = SongFullListView.swift; sourceTree = "<group>"; };
		FD4FAC682AC1692F005DCFAF /* AlbumResultView.swift */ = {isa = PBXFileReference; lastKnownFileType = sourcecode.swift; path = AlbumResultView.swift; sourceTree = "<group>"; };
		FD4FAC6C2AC16E9D005DCFAF /* AlbumPreviewListView.swift */ = {isa = PBXFileReference; lastKnownFileType = sourcecode.swift; path = AlbumPreviewListView.swift; sourceTree = "<group>"; };
		FD4FAC702AC174B9005DCFAF /* AlbumFullListView.swift */ = {isa = PBXFileReference; lastKnownFileType = sourcecode.swift; path = AlbumFullListView.swift; sourceTree = "<group>"; };
		FD67A0F22AC2D8A40000D7DA /* AllResultView.swift */ = {isa = PBXFileReference; lastKnownFileType = sourcecode.swift; path = AllResultView.swift; sourceTree = "<group>"; };
		FDA691962AC4169D000E7482 /* BookMarkView.swift */ = {isa = PBXFileReference; lastKnownFileType = sourcecode.swift; path = BookMarkView.swift; sourceTree = "<group>"; };
		FDD07E3D2AC3C319004A8691 /* ArtistModel.swift */ = {isa = PBXFileReference; lastKnownFileType = sourcecode.swift; path = ArtistModel.swift; sourceTree = "<group>"; };
		FDD07E3F2AC405A8004A8691 /* CountryModel.swift */ = {isa = PBXFileReference; lastKnownFileType = sourcecode.swift; path = CountryModel.swift; sourceTree = "<group>"; };
/* End PBXFileReference section */

/* Begin PBXFrameworksBuildPhase section */
		3C79F13B2ABD68D7007DE9C5 /* Frameworks */ = {
			isa = PBXFrameworksBuildPhase;
			buildActionMask = 2147483647;
			files = (
			);
			runOnlyForDeploymentPostprocessing = 0;
		};
		3C79F14B2ABD68D9007DE9C5 /* Frameworks */ = {
			isa = PBXFrameworksBuildPhase;
			buildActionMask = 2147483647;
			files = (
			);
			runOnlyForDeploymentPostprocessing = 0;
		};
		3C79F1552ABD68D9007DE9C5 /* Frameworks */ = {
			isa = PBXFrameworksBuildPhase;
			buildActionMask = 2147483647;
			files = (
			);
			runOnlyForDeploymentPostprocessing = 0;
		};
/* End PBXFrameworksBuildPhase section */

/* Begin PBXGroup section */
		3C28B6C62ABED1090009F667 /* Model */ = {
			isa = PBXGroup;
			children = (
				3C28B6C72ABED11A0009F667 /* AlbumModel.swift */,
				3C28B6CB2ABFD8EF0009F667 /* SongModel.swift */,
				FDD07E3D2AC3C319004A8691 /* ArtistModel.swift */,
				3C28B6C92ABF33D50009F667 /* FetchStatusModel.swift */,
				3C28B6CD2ABFE31D0009F667 /* APIErrorModel.swift */,
				FDD07E3F2AC405A8004A8691 /* CountryModel.swift */,
			);
			path = Model;
			sourceTree = "<group>";
		};
		3C79F1352ABD68D7007DE9C5 = {
			isa = PBXGroup;
			children = (
				3C79F1402ABD68D7007DE9C5 /* iTunesSearchEngine */,
				3C79F1512ABD68D9007DE9C5 /* iTunesSearchEngineTests */,
				3C79F15B2ABD68D9007DE9C5 /* iTunesSearchEngineUITests */,
				3C79F13F2ABD68D7007DE9C5 /* Products */,
			);
			sourceTree = "<group>";
		};
		3C79F13F2ABD68D7007DE9C5 /* Products */ = {
			isa = PBXGroup;
			children = (
				3C79F13E2ABD68D7007DE9C5 /* iTunesSearchEngine.app */,
				3C79F14E2ABD68D9007DE9C5 /* iTunesSearchEngineTests.xctest */,
				3C79F1582ABD68D9007DE9C5 /* iTunesSearchEngineUITests.xctest */,
			);
			name = Products;
			sourceTree = "<group>";
		};
		3C79F1402ABD68D7007DE9C5 /* iTunesSearchEngine */ = {
			isa = PBXGroup;
			children = (
				3C79F1412ABD68D7007DE9C5 /* iTunesSearchEngineApp.swift */,
				3C28B6CF2AC015DF0009F667 /* APIManager.swift */,
				FD4FAC5A2AC12428005DCFAF /* View */,
				FD4FAC632AC158C6005DCFAF /* ViewModel */,
				3C28B6C62ABED1090009F667 /* Model */,
				FD4FAC5F2AC12730005DCFAF /* ImageView.swift */,
				3CB8760C2AC47DD0007D2E63 /* AppString.swift */,
				3C79F1452ABD68D9007DE9C5 /* Assets.xcassets */,
				3C79F1472ABD68D9007DE9C5 /* Preview Content */,
			);
			path = iTunesSearchEngine;
			sourceTree = "<group>";
		};
		3C79F1472ABD68D9007DE9C5 /* Preview Content */ = {
			isa = PBXGroup;
			children = (
				3C79F1482ABD68D9007DE9C5 /* Preview Assets.xcassets */,
			);
			path = "Preview Content";
			sourceTree = "<group>";
		};
		3C79F1512ABD68D9007DE9C5 /* iTunesSearchEngineTests */ = {
			isa = PBXGroup;
			children = (
				3C79F1522ABD68D9007DE9C5 /* iTunesSearchEngineTests.swift */,
			);
			path = iTunesSearchEngineTests;
			sourceTree = "<group>";
		};
		3C79F15B2ABD68D9007DE9C5 /* iTunesSearchEngineUITests */ = {
			isa = PBXGroup;
			children = (
				3C79F15C2ABD68D9007DE9C5 /* iTunesSearchEngineUITests.swift */,
				3C79F15E2ABD68D9007DE9C5 /* iTunesSearchEngineUITestsLaunchTests.swift */,
			);
			path = iTunesSearchEngineUITests;
			sourceTree = "<group>";
		};
		FD4FAC5A2AC12428005DCFAF /* View */ = {
			isa = PBXGroup;
			children = (
				3C79F1432ABD68D7007DE9C5 /* ContentView.swift */,
				FD67A0F22AC2D8A40000D7DA /* AllResultView.swift */,
				FDA691962AC4169D000E7482 /* BookMarkView.swift */,
				3CB8760A2AC475D6007D2E63 /* SearchHistoryView.swift */,
				FD4FAC6F2AC16EBC005DCFAF /* Album */,
				FD4FAC6E2AC16EA4005DCFAF /* Song */,
			);
			path = View;
			sourceTree = "<group>";
		};
		FD4FAC632AC158C6005DCFAF /* ViewModel */ = {
			isa = PBXGroup;
			children = (
				58D8CEA12ABD6F900012F9B1 /* ViewModel.swift */,
				FD4FAC612AC157B8005DCFAF /* ImageViewModel.swift */,
				3CB8760E2AC48B90007D2E63 /* AudioViewModel.swift */,
			);
			path = ViewModel;
			sourceTree = "<group>";
		};
		FD4FAC6E2AC16EA4005DCFAF /* Song */ = {
			isa = PBXGroup;
			children = (
				FD4FAC5B2AC1244A005DCFAF /* SongResultView.swift */,
				FD4FAC642AC15B06005DCFAF /* SongPreviewListView.swift */,
				FD4FAC662AC15C6F005DCFAF /* SongFullListView.swift */,
			);
			path = Song;
			sourceTree = "<group>";
		};
		FD4FAC6F2AC16EBC005DCFAF /* Album */ = {
			isa = PBXGroup;
			children = (
				FD4FAC682AC1692F005DCFAF /* AlbumResultView.swift */,
				FD4FAC6C2AC16E9D005DCFAF /* AlbumPreviewListView.swift */,
				FD4FAC702AC174B9005DCFAF /* AlbumFullListView.swift */,
			);
			path = Album;
			sourceTree = "<group>";
		};
/* End PBXGroup section */

/* Begin PBXNativeTarget section */
		3C79F13D2ABD68D7007DE9C5 /* iTunesSearchEngine */ = {
			isa = PBXNativeTarget;
			buildConfigurationList = 3C79F1622ABD68D9007DE9C5 /* Build configuration list for PBXNativeTarget "iTunesSearchEngine" */;
			buildPhases = (
				3C79F13A2ABD68D7007DE9C5 /* Sources */,
				3C79F13B2ABD68D7007DE9C5 /* Frameworks */,
				3C79F13C2ABD68D7007DE9C5 /* Resources */,
			);
			buildRules = (
			);
			dependencies = (
			);
			name = iTunesSearchEngine;
			productName = iTunesSearchEngine;
			productReference = 3C79F13E2ABD68D7007DE9C5 /* iTunesSearchEngine.app */;
			productType = "com.apple.product-type.application";
		};
		3C79F14D2ABD68D9007DE9C5 /* iTunesSearchEngineTests */ = {
			isa = PBXNativeTarget;
			buildConfigurationList = 3C79F1652ABD68D9007DE9C5 /* Build configuration list for PBXNativeTarget "iTunesSearchEngineTests" */;
			buildPhases = (
				3C79F14A2ABD68D9007DE9C5 /* Sources */,
				3C79F14B2ABD68D9007DE9C5 /* Frameworks */,
				3C79F14C2ABD68D9007DE9C5 /* Resources */,
			);
			buildRules = (
			);
			dependencies = (
				3C79F1502ABD68D9007DE9C5 /* PBXTargetDependency */,
			);
			name = iTunesSearchEngineTests;
			productName = iTunesSearchEngineTests;
			productReference = 3C79F14E2ABD68D9007DE9C5 /* iTunesSearchEngineTests.xctest */;
			productType = "com.apple.product-type.bundle.unit-test";
		};
		3C79F1572ABD68D9007DE9C5 /* iTunesSearchEngineUITests */ = {
			isa = PBXNativeTarget;
			buildConfigurationList = 3C79F1682ABD68D9007DE9C5 /* Build configuration list for PBXNativeTarget "iTunesSearchEngineUITests" */;
			buildPhases = (
				3C79F1542ABD68D9007DE9C5 /* Sources */,
				3C79F1552ABD68D9007DE9C5 /* Frameworks */,
				3C79F1562ABD68D9007DE9C5 /* Resources */,
			);
			buildRules = (
			);
			dependencies = (
				3C79F15A2ABD68D9007DE9C5 /* PBXTargetDependency */,
			);
			name = iTunesSearchEngineUITests;
			productName = iTunesSearchEngineUITests;
			productReference = 3C79F1582ABD68D9007DE9C5 /* iTunesSearchEngineUITests.xctest */;
			productType = "com.apple.product-type.bundle.ui-testing";
		};
/* End PBXNativeTarget section */

/* Begin PBXProject section */
		3C79F1362ABD68D7007DE9C5 /* Project object */ = {
			isa = PBXProject;
			attributes = {
				BuildIndependentTargetsInParallel = 1;
				LastSwiftUpdateCheck = 1430;
				LastUpgradeCheck = 1430;
				TargetAttributes = {
					3C79F13D2ABD68D7007DE9C5 = {
						CreatedOnToolsVersion = 14.3.1;
					};
					3C79F14D2ABD68D9007DE9C5 = {
						CreatedOnToolsVersion = 14.3.1;
						TestTargetID = 3C79F13D2ABD68D7007DE9C5;
					};
					3C79F1572ABD68D9007DE9C5 = {
						CreatedOnToolsVersion = 14.3.1;
						TestTargetID = 3C79F13D2ABD68D7007DE9C5;
					};
				};
			};
			buildConfigurationList = 3C79F1392ABD68D7007DE9C5 /* Build configuration list for PBXProject "iTunesSearchEngine" */;
			compatibilityVersion = "Xcode 14.0";
			developmentRegion = en;
			hasScannedForEncodings = 0;
			knownRegions = (
				en,
				Base,
			);
			mainGroup = 3C79F1352ABD68D7007DE9C5;
			productRefGroup = 3C79F13F2ABD68D7007DE9C5 /* Products */;
			projectDirPath = "";
			projectRoot = "";
			targets = (
				3C79F13D2ABD68D7007DE9C5 /* iTunesSearchEngine */,
				3C79F14D2ABD68D9007DE9C5 /* iTunesSearchEngineTests */,
				3C79F1572ABD68D9007DE9C5 /* iTunesSearchEngineUITests */,
			);
		};
/* End PBXProject section */

/* Begin PBXResourcesBuildPhase section */
		3C79F13C2ABD68D7007DE9C5 /* Resources */ = {
			isa = PBXResourcesBuildPhase;
			buildActionMask = 2147483647;
			files = (
				3C79F1492ABD68D9007DE9C5 /* Preview Assets.xcassets in Resources */,
				3C79F1462ABD68D9007DE9C5 /* Assets.xcassets in Resources */,
			);
			runOnlyForDeploymentPostprocessing = 0;
		};
		3C79F14C2ABD68D9007DE9C5 /* Resources */ = {
			isa = PBXResourcesBuildPhase;
			buildActionMask = 2147483647;
			files = (
			);
			runOnlyForDeploymentPostprocessing = 0;
		};
		3C79F1562ABD68D9007DE9C5 /* Resources */ = {
			isa = PBXResourcesBuildPhase;
			buildActionMask = 2147483647;
			files = (
			);
			runOnlyForDeploymentPostprocessing = 0;
		};
/* End PBXResourcesBuildPhase section */

/* Begin PBXSourcesBuildPhase section */
		3C79F13A2ABD68D7007DE9C5 /* Sources */ = {
			isa = PBXSourcesBuildPhase;
			buildActionMask = 2147483647;
			files = (
				3C28B6D02AC015DF0009F667 /* APIManager.swift in Sources */,
				3C28B6CC2ABFD8EF0009F667 /* SongModel.swift in Sources */,
				3CB8760F2AC48B90007D2E63 /* AudioViewModel.swift in Sources */,
				3C79F1442ABD68D7007DE9C5 /* ContentView.swift in Sources */,
				FD4FAC692AC1692F005DCFAF /* AlbumResultView.swift in Sources */,
				FD4FAC602AC12730005DCFAF /* ImageView.swift in Sources */,
				3CB8760B2AC475D6007D2E63 /* SearchHistoryView.swift in Sources */,
				3CB8760D2AC47DD0007D2E63 /* AppString.swift in Sources */,
				FD4FAC712AC174B9005DCFAF /* AlbumFullListView.swift in Sources */,
				FDD07E402AC405A8004A8691 /* CountryModel.swift in Sources */,
				58D8CEA22ABD6F900012F9B1 /* ViewModel.swift in Sources */,
				FD4FAC622AC157B8005DCFAF /* ImageViewModel.swift in Sources */,
				FD4FAC672AC15C6F005DCFAF /* SongFullListView.swift in Sources */,
				FD67A0F32AC2D8A40000D7DA /* AllResultView.swift in Sources */,
				3C79F1422ABD68D7007DE9C5 /* iTunesSearchEngineApp.swift in Sources */,
				FD4FAC652AC15B06005DCFAF /* SongPreviewListView.swift in Sources */,
				3C28B6CE2ABFE31D0009F667 /* APIErrorModel.swift in Sources */,
				FD4FAC5C2AC1244A005DCFAF /* SongResultView.swift in Sources */,
				3C28B6CA2ABF33D50009F667 /* FetchStatusModel.swift in Sources */,
				3C28B6C82ABED11A0009F667 /* AlbumModel.swift in Sources */,
				FD4FAC6D2AC16E9D005DCFAF /* AlbumPreviewListView.swift in Sources */,
				FDA691972AC4169D000E7482 /* BookMarkView.swift in Sources */,
				FDD07E3E2AC3C319004A8691 /* ArtistModel.swift in Sources */,
			);
			runOnlyForDeploymentPostprocessing = 0;
		};
		3C79F14A2ABD68D9007DE9C5 /* Sources */ = {
			isa = PBXSourcesBuildPhase;
			buildActionMask = 2147483647;
			files = (
				3C79F1532ABD68D9007DE9C5 /* iTunesSearchEngineTests.swift in Sources */,
			);
			runOnlyForDeploymentPostprocessing = 0;
		};
		3C79F1542ABD68D9007DE9C5 /* Sources */ = {
			isa = PBXSourcesBuildPhase;
			buildActionMask = 2147483647;
			files = (
				3C79F15F2ABD68D9007DE9C5 /* iTunesSearchEngineUITestsLaunchTests.swift in Sources */,
				3C79F15D2ABD68D9007DE9C5 /* iTunesSearchEngineUITests.swift in Sources */,
			);
			runOnlyForDeploymentPostprocessing = 0;
		};
/* End PBXSourcesBuildPhase section */

/* Begin PBXTargetDependency section */
		3C79F1502ABD68D9007DE9C5 /* PBXTargetDependency */ = {
			isa = PBXTargetDependency;
			target = 3C79F13D2ABD68D7007DE9C5 /* iTunesSearchEngine */;
			targetProxy = 3C79F14F2ABD68D9007DE9C5 /* PBXContainerItemProxy */;
		};
		3C79F15A2ABD68D9007DE9C5 /* PBXTargetDependency */ = {
			isa = PBXTargetDependency;
			target = 3C79F13D2ABD68D7007DE9C5 /* iTunesSearchEngine */;
			targetProxy = 3C79F1592ABD68D9007DE9C5 /* PBXContainerItemProxy */;
		};
/* End PBXTargetDependency section */

/* Begin XCBuildConfiguration section */
		3C79F1602ABD68D9007DE9C5 /* Debug */ = {
			isa = XCBuildConfiguration;
			buildSettings = {
				ALWAYS_SEARCH_USER_PATHS = NO;
				CLANG_ANALYZER_NONNULL = YES;
				CLANG_ANALYZER_NUMBER_OBJECT_CONVERSION = YES_AGGRESSIVE;
				CLANG_CXX_LANGUAGE_STANDARD = "gnu++20";
				CLANG_ENABLE_MODULES = YES;
				CLANG_ENABLE_OBJC_ARC = YES;
				CLANG_ENABLE_OBJC_WEAK = YES;
				CLANG_WARN_BLOCK_CAPTURE_AUTORELEASING = YES;
				CLANG_WARN_BOOL_CONVERSION = YES;
				CLANG_WARN_COMMA = YES;
				CLANG_WARN_CONSTANT_CONVERSION = YES;
				CLANG_WARN_DEPRECATED_OBJC_IMPLEMENTATIONS = YES;
				CLANG_WARN_DIRECT_OBJC_ISA_USAGE = YES_ERROR;
				CLANG_WARN_DOCUMENTATION_COMMENTS = YES;
				CLANG_WARN_EMPTY_BODY = YES;
				CLANG_WARN_ENUM_CONVERSION = YES;
				CLANG_WARN_INFINITE_RECURSION = YES;
				CLANG_WARN_INT_CONVERSION = YES;
				CLANG_WARN_NON_LITERAL_NULL_CONVERSION = YES;
				CLANG_WARN_OBJC_IMPLICIT_RETAIN_SELF = YES;
				CLANG_WARN_OBJC_LITERAL_CONVERSION = YES;
				CLANG_WARN_OBJC_ROOT_CLASS = YES_ERROR;
				CLANG_WARN_QUOTED_INCLUDE_IN_FRAMEWORK_HEADER = YES;
				CLANG_WARN_RANGE_LOOP_ANALYSIS = YES;
				CLANG_WARN_STRICT_PROTOTYPES = YES;
				CLANG_WARN_SUSPICIOUS_MOVE = YES;
				CLANG_WARN_UNGUARDED_AVAILABILITY = YES_AGGRESSIVE;
				CLANG_WARN_UNREACHABLE_CODE = YES;
				CLANG_WARN__DUPLICATE_METHOD_MATCH = YES;
				COPY_PHASE_STRIP = NO;
				DEBUG_INFORMATION_FORMAT = dwarf;
				ENABLE_STRICT_OBJC_MSGSEND = YES;
				ENABLE_TESTABILITY = YES;
				GCC_C_LANGUAGE_STANDARD = gnu11;
				GCC_DYNAMIC_NO_PIC = NO;
				GCC_NO_COMMON_BLOCKS = YES;
				GCC_OPTIMIZATION_LEVEL = 0;
				GCC_PREPROCESSOR_DEFINITIONS = (
					"DEBUG=1",
					"$(inherited)",
				);
				GCC_WARN_64_TO_32_BIT_CONVERSION = YES;
				GCC_WARN_ABOUT_RETURN_TYPE = YES_ERROR;
				GCC_WARN_UNDECLARED_SELECTOR = YES;
				GCC_WARN_UNINITIALIZED_AUTOS = YES_AGGRESSIVE;
				GCC_WARN_UNUSED_FUNCTION = YES;
				GCC_WARN_UNUSED_VARIABLE = YES;
				IPHONEOS_DEPLOYMENT_TARGET = 16.4;
				MTL_ENABLE_DEBUG_INFO = INCLUDE_SOURCE;
				MTL_FAST_MATH = YES;
				ONLY_ACTIVE_ARCH = YES;
				SDKROOT = iphoneos;
				SWIFT_ACTIVE_COMPILATION_CONDITIONS = DEBUG;
				SWIFT_OPTIMIZATION_LEVEL = "-Onone";
			};
			name = Debug;
		};
		3C79F1612ABD68D9007DE9C5 /* Release */ = {
			isa = XCBuildConfiguration;
			buildSettings = {
				ALWAYS_SEARCH_USER_PATHS = NO;
				CLANG_ANALYZER_NONNULL = YES;
				CLANG_ANALYZER_NUMBER_OBJECT_CONVERSION = YES_AGGRESSIVE;
				CLANG_CXX_LANGUAGE_STANDARD = "gnu++20";
				CLANG_ENABLE_MODULES = YES;
				CLANG_ENABLE_OBJC_ARC = YES;
				CLANG_ENABLE_OBJC_WEAK = YES;
				CLANG_WARN_BLOCK_CAPTURE_AUTORELEASING = YES;
				CLANG_WARN_BOOL_CONVERSION = YES;
				CLANG_WARN_COMMA = YES;
				CLANG_WARN_CONSTANT_CONVERSION = YES;
				CLANG_WARN_DEPRECATED_OBJC_IMPLEMENTATIONS = YES;
				CLANG_WARN_DIRECT_OBJC_ISA_USAGE = YES_ERROR;
				CLANG_WARN_DOCUMENTATION_COMMENTS = YES;
				CLANG_WARN_EMPTY_BODY = YES;
				CLANG_WARN_ENUM_CONVERSION = YES;
				CLANG_WARN_INFINITE_RECURSION = YES;
				CLANG_WARN_INT_CONVERSION = YES;
				CLANG_WARN_NON_LITERAL_NULL_CONVERSION = YES;
				CLANG_WARN_OBJC_IMPLICIT_RETAIN_SELF = YES;
				CLANG_WARN_OBJC_LITERAL_CONVERSION = YES;
				CLANG_WARN_OBJC_ROOT_CLASS = YES_ERROR;
				CLANG_WARN_QUOTED_INCLUDE_IN_FRAMEWORK_HEADER = YES;
				CLANG_WARN_RANGE_LOOP_ANALYSIS = YES;
				CLANG_WARN_STRICT_PROTOTYPES = YES;
				CLANG_WARN_SUSPICIOUS_MOVE = YES;
				CLANG_WARN_UNGUARDED_AVAILABILITY = YES_AGGRESSIVE;
				CLANG_WARN_UNREACHABLE_CODE = YES;
				CLANG_WARN__DUPLICATE_METHOD_MATCH = YES;
				COPY_PHASE_STRIP = NO;
				DEBUG_INFORMATION_FORMAT = "dwarf-with-dsym";
				ENABLE_NS_ASSERTIONS = NO;
				ENABLE_STRICT_OBJC_MSGSEND = YES;
				GCC_C_LANGUAGE_STANDARD = gnu11;
				GCC_NO_COMMON_BLOCKS = YES;
				GCC_WARN_64_TO_32_BIT_CONVERSION = YES;
				GCC_WARN_ABOUT_RETURN_TYPE = YES_ERROR;
				GCC_WARN_UNDECLARED_SELECTOR = YES;
				GCC_WARN_UNINITIALIZED_AUTOS = YES_AGGRESSIVE;
				GCC_WARN_UNUSED_FUNCTION = YES;
				GCC_WARN_UNUSED_VARIABLE = YES;
				IPHONEOS_DEPLOYMENT_TARGET = 16.4;
				MTL_ENABLE_DEBUG_INFO = NO;
				MTL_FAST_MATH = YES;
				SDKROOT = iphoneos;
				SWIFT_COMPILATION_MODE = wholemodule;
				SWIFT_OPTIMIZATION_LEVEL = "-O";
				VALIDATE_PRODUCT = YES;
			};
			name = Release;
		};
		3C79F1632ABD68D9007DE9C5 /* Debug */ = {
			isa = XCBuildConfiguration;
			buildSettings = {
				ASSETCATALOG_COMPILER_APPICON_NAME = AppIcon;
				ASSETCATALOG_COMPILER_GLOBAL_ACCENT_COLOR_NAME = AccentColor;
				CODE_SIGN_STYLE = Automatic;
				CURRENT_PROJECT_VERSION = 1;
				DEVELOPMENT_ASSET_PATHS = "\"iTunesSearchEngine/Preview Content\"";
				DEVELOPMENT_TEAM = 254C98284Z;
				ENABLE_PREVIEWS = YES;
				GENERATE_INFOPLIST_FILE = YES;
				INFOPLIST_KEY_CFBundleDisplayName = "iTunes Search Engine";
				INFOPLIST_KEY_UIApplicationSceneManifest_Generation = YES;
				INFOPLIST_KEY_UIApplicationSupportsIndirectInputEvents = YES;
				INFOPLIST_KEY_UILaunchScreen_Generation = YES;
				INFOPLIST_KEY_UISupportedInterfaceOrientations = UIInterfaceOrientationPortrait;
				IPHONEOS_DEPLOYMENT_TARGET = 14.0;
				LD_RUNPATH_SEARCH_PATHS = (
					"$(inherited)",
					"@executable_path/Frameworks",
				);
				MARKETING_VERSION = 1.0;
				PRODUCT_BUNDLE_IDENTIFIER = com.calebwong.iTunesSearchEngine;
				PRODUCT_NAME = "$(TARGET_NAME)";
				SWIFT_EMIT_LOC_STRINGS = YES;
				SWIFT_VERSION = 5.0;
				TARGETED_DEVICE_FAMILY = "1,2";
			};
			name = Debug;
		};
		3C79F1642ABD68D9007DE9C5 /* Release */ = {
			isa = XCBuildConfiguration;
			buildSettings = {
				ASSETCATALOG_COMPILER_APPICON_NAME = AppIcon;
				ASSETCATALOG_COMPILER_GLOBAL_ACCENT_COLOR_NAME = AccentColor;
				CODE_SIGN_STYLE = Automatic;
				CURRENT_PROJECT_VERSION = 1;
				DEVELOPMENT_ASSET_PATHS = "\"iTunesSearchEngine/Preview Content\"";
				DEVELOPMENT_TEAM = 254C98284Z;
				ENABLE_PREVIEWS = YES;
				GENERATE_INFOPLIST_FILE = YES;
				INFOPLIST_KEY_CFBundleDisplayName = "iTunes Search Engine";
				INFOPLIST_KEY_UIApplicationSceneManifest_Generation = YES;
				INFOPLIST_KEY_UIApplicationSupportsIndirectInputEvents = YES;
				INFOPLIST_KEY_UILaunchScreen_Generation = YES;
				INFOPLIST_KEY_UISupportedInterfaceOrientations = UIInterfaceOrientationPortrait;
				IPHONEOS_DEPLOYMENT_TARGET = 14.0;
				LD_RUNPATH_SEARCH_PATHS = (
					"$(inherited)",
					"@executable_path/Frameworks",
				);
				MARKETING_VERSION = 1.0;
				PRODUCT_BUNDLE_IDENTIFIER = com.calebwong.iTunesSearchEngine;
				PRODUCT_NAME = "$(TARGET_NAME)";
				SWIFT_EMIT_LOC_STRINGS = YES;
				SWIFT_VERSION = 5.0;
				TARGETED_DEVICE_FAMILY = "1,2";
			};
			name = Release;
		};
		3C79F1662ABD68D9007DE9C5 /* Debug */ = {
			isa = XCBuildConfiguration;
			buildSettings = {
				ALWAYS_EMBED_SWIFT_STANDARD_LIBRARIES = YES;
				BUNDLE_LOADER = "$(TEST_HOST)";
				CODE_SIGN_STYLE = Automatic;
				CURRENT_PROJECT_VERSION = 1;
				DEVELOPMENT_TEAM = 254C98284Z;
				GENERATE_INFOPLIST_FILE = YES;
				IPHONEOS_DEPLOYMENT_TARGET = 16.4;
				MARKETING_VERSION = 1.0;
				PRODUCT_BUNDLE_IDENTIFIER = com.calebwong.iTunesSearchEngineTests;
				PRODUCT_NAME = "$(TARGET_NAME)";
				SWIFT_EMIT_LOC_STRINGS = NO;
				SWIFT_VERSION = 5.0;
				TARGETED_DEVICE_FAMILY = "1,2";
				TEST_HOST = "$(BUILT_PRODUCTS_DIR)/iTunesSearchEngine.app/$(BUNDLE_EXECUTABLE_FOLDER_PATH)/iTunesSearchEngine";
			};
			name = Debug;
		};
		3C79F1672ABD68D9007DE9C5 /* Release */ = {
			isa = XCBuildConfiguration;
			buildSettings = {
				ALWAYS_EMBED_SWIFT_STANDARD_LIBRARIES = YES;
				BUNDLE_LOADER = "$(TEST_HOST)";
				CODE_SIGN_STYLE = Automatic;
				CURRENT_PROJECT_VERSION = 1;
				DEVELOPMENT_TEAM = 254C98284Z;
				GENERATE_INFOPLIST_FILE = YES;
				IPHONEOS_DEPLOYMENT_TARGET = 16.4;
				MARKETING_VERSION = 1.0;
				PRODUCT_BUNDLE_IDENTIFIER = com.calebwong.iTunesSearchEngineTests;
				PRODUCT_NAME = "$(TARGET_NAME)";
				SWIFT_EMIT_LOC_STRINGS = NO;
				SWIFT_VERSION = 5.0;
				TARGETED_DEVICE_FAMILY = "1,2";
				TEST_HOST = "$(BUILT_PRODUCTS_DIR)/iTunesSearchEngine.app/$(BUNDLE_EXECUTABLE_FOLDER_PATH)/iTunesSearchEngine";
			};
			name = Release;
		};
		3C79F1692ABD68D9007DE9C5 /* Debug */ = {
			isa = XCBuildConfiguration;
			buildSettings = {
				ALWAYS_EMBED_SWIFT_STANDARD_LIBRARIES = YES;
				CODE_SIGN_STYLE = Automatic;
				CURRENT_PROJECT_VERSION = 1;
				DEVELOPMENT_TEAM = 254C98284Z;
				GENERATE_INFOPLIST_FILE = YES;
				MARKETING_VERSION = 1.0;
				PRODUCT_BUNDLE_IDENTIFIER = com.calebwong.iTunesSearchEngineUITests;
				PRODUCT_NAME = "$(TARGET_NAME)";
				SWIFT_EMIT_LOC_STRINGS = NO;
				SWIFT_VERSION = 5.0;
				TARGETED_DEVICE_FAMILY = "1,2";
				TEST_TARGET_NAME = iTunesSearchEngine;
			};
			name = Debug;
		};
		3C79F16A2ABD68D9007DE9C5 /* Release */ = {
			isa = XCBuildConfiguration;
			buildSettings = {
				ALWAYS_EMBED_SWIFT_STANDARD_LIBRARIES = YES;
				CODE_SIGN_STYLE = Automatic;
				CURRENT_PROJECT_VERSION = 1;
				DEVELOPMENT_TEAM = 254C98284Z;
				GENERATE_INFOPLIST_FILE = YES;
				MARKETING_VERSION = 1.0;
				PRODUCT_BUNDLE_IDENTIFIER = com.calebwong.iTunesSearchEngineUITests;
				PRODUCT_NAME = "$(TARGET_NAME)";
				SWIFT_EMIT_LOC_STRINGS = NO;
				SWIFT_VERSION = 5.0;
				TARGETED_DEVICE_FAMILY = "1,2";
				TEST_TARGET_NAME = iTunesSearchEngine;
			};
			name = Release;
		};
/* End XCBuildConfiguration section */

/* Begin XCConfigurationList section */
		3C79F1392ABD68D7007DE9C5 /* Build configuration list for PBXProject "iTunesSearchEngine" */ = {
			isa = XCConfigurationList;
			buildConfigurations = (
				3C79F1602ABD68D9007DE9C5 /* Debug */,
				3C79F1612ABD68D9007DE9C5 /* Release */,
			);
			defaultConfigurationIsVisible = 0;
			defaultConfigurationName = Release;
		};
		3C79F1622ABD68D9007DE9C5 /* Build configuration list for PBXNativeTarget "iTunesSearchEngine" */ = {
			isa = XCConfigurationList;
			buildConfigurations = (
				3C79F1632ABD68D9007DE9C5 /* Debug */,
				3C79F1642ABD68D9007DE9C5 /* Release */,
			);
			defaultConfigurationIsVisible = 0;
			defaultConfigurationName = Release;
		};
		3C79F1652ABD68D9007DE9C5 /* Build configuration list for PBXNativeTarget "iTunesSearchEngineTests" */ = {
			isa = XCConfigurationList;
			buildConfigurations = (
				3C79F1662ABD68D9007DE9C5 /* Debug */,
				3C79F1672ABD68D9007DE9C5 /* Release */,
			);
			defaultConfigurationIsVisible = 0;
			defaultConfigurationName = Release;
		};
		3C79F1682ABD68D9007DE9C5 /* Build configuration list for PBXNativeTarget "iTunesSearchEngineUITests" */ = {
			isa = XCConfigurationList;
			buildConfigurations = (
				3C79F1692ABD68D9007DE9C5 /* Debug */,
				3C79F16A2ABD68D9007DE9C5 /* Release */,
			);
			defaultConfigurationIsVisible = 0;
			defaultConfigurationName = Release;
		};
/* End XCConfigurationList section */
	};
	rootObject = 3C79F1362ABD68D7007DE9C5 /* Project object */;
}
